
Microsoft Visual Studio Solution File, Format Version 12.00
# Visual Studio 15
VisualStudioVersion = 15.0.27703.2042
MinimumVisualStudioVersion = 10.0.40219.1
Project("{FAE04EC0-301F-11D3-BF4B-00C04F79EFBC}") = "MasterDetails", "MasterDetails\MasterDetails.csproj", "{B3A9772C-29DD-4CDD-944F-997597829188}"
EndProject
Project("{FAE04EC0-301F-11D3-BF4B-00C04F79EFBC}") = "EntityFactory", "EntityFactory\EntityFactory.csproj", "{C5676D22-6621-48C9-8373-69B0C3C29B7A}"
EndProject
Global
	GlobalSection(SolutionConfigurationPlatforms) = preSolution
		Debug|Any CPU = Debug|Any CPU
		Release|Any CPU = Release|Any CPU
	EndGlobalSection
	GlobalSection(ProjectConfigurationPlatforms) = postSolution
		{B3A9772C-29DD-4CDD-944F-997597829188}.Debug|Any CPU.ActiveCfg = Debug|Any CPU
		{B3A9772C-29DD-4CDD-944F-997597829188}.Debug|Any CPU.Build.0 = Debug|Any CPU
		{B3A9772C-29DD-4CDD-944F-997597829188}.Release|Any CPU.ActiveCfg = Release|Any CPU
		{B3A9772C-29DD-4CDD-944F-997597829188}.Release|Any CPU.Build.0 = Release|Any CPU
		{C5676D22-6621-48C9-8373-69B0C3C29B7A}.Debug|Any CPU.ActiveCfg = Debug|Any CPU
		{C5676D22-6621-48C9-8373-69B0C3C29B7A}.Debug|Any CPU.Build.0 = Debug|Any CPU
		{C5676D22-6621-48C9-8373-69B0C3C29B7A}.Release|Any CPU.ActiveCfg = Release|Any CPU
		{C5676D22-6621-48C9-8373-69B0C3C29B7A}.Release|Any CPU.Build.0 = Release|Any CPU
	EndGlobalSection
	GlobalSection(SolutionProperties) = preSolution
		HideSolutionNode = FALSE
	EndGlobalSection
	GlobalSection(ExtensibilityGlobals) = postSolution
		SolutionGuid = {8C49D10C-D70B-4498-B401-39F98433C527}
	EndGlobalSection
EndGlobal
